
Microsoft Visual Studio Solution File, Format Version 12.00
# Visual Studio 15
VisualStudioVersion = 15.0.27703.2042
MinimumVisualStudioVersion = 10.0.40219.1
Project("{9A19103F-16F7-4668-BE54-9A1E7A4F7556}") = "DissertationApp", "DissertationApp\DissertationApp.csproj", "{6FC426B9-FB11-471D-92AC-0990E2DD3A5C}"
EndProject
Project("{2150E333-8FDC-42A3-9474-1A3956D46DE8}") = "Solution Items", "Solution Items", "{FF316328-3A16-4013-8B87-03F372940FC3}"
EndProject
Global
	GlobalSection(SolutionConfigurationPlatforms) = preSolution
		Debug|Any CPU = Debug|Any CPU
		Release|Any CPU = Release|Any CPU
	EndGlobalSection
	GlobalSection(ProjectConfigurationPlatforms) = postSolution
		{6FC426B9-FB11-471D-92AC-0990E2DD3A5C}.Debug|Any CPU.ActiveCfg = Debug|Any CPU
		{6FC426B9-FB11-471D-92AC-0990E2DD3A5C}.Debug|Any CPU.Build.0 = Debug|Any CPU
		{6FC426B9-FB11-471D-92AC-0990E2DD3A5C}.Release|Any CPU.ActiveCfg = Release|Any CPU
		{6FC426B9-FB11-471D-92AC-0990E2DD3A5C}.Release|Any CPU.Build.0 = Release|Any CPU
	EndGlobalSection
	GlobalSection(SolutionProperties) = preSolution
		HideSolutionNode = FALSE
	EndGlobalSection
	GlobalSection(ExtensibilityGlobals) = postSolution
		SolutionGuid = {B690216B-3D8C-454C-A650-657367A2AB5B}
	EndGlobalSection
EndGlobal
